
Microsoft Visual Studio Solution File, Format Version 12.00
# Visual Studio 15
VisualStudioVersion = 15.0.26124.0
MinimumVisualStudioVersion = 15.0.26124.0
Project("{2150E333-8FDC-42A3-9474-1A3956D46DE8}") = "Code", "Code", "{9A8FF6BC-7D30-4159-99AD-93F811FA6E32}"
EndProject
Project("{FAE04EC0-301F-11D3-BF4B-00C04F79EFBC}") = "Automaton.Api", "Code\Automaton.Api\Automaton.Api.csproj", "{C55FFBBB-A0B5-4724-9D2B-99FB0FB9F920}"
EndProject
Project("{FAE04EC0-301F-11D3-BF4B-00C04F79EFBC}") = "Automaton.Business", "Code\Automaton.Business\Automaton.Business.csproj", "{7B2B9FDB-CE19-40F9-BF15-A69E56A4582E}"
EndProject
Project("{FAE04EC0-301F-11D3-BF4B-00C04F79EFBC}") = "Automaton.Common", "Code\Automaton.Common\Automaton.Common.csproj", "{735C604C-6C78-4754-8A25-D30D4C2308DE}"
EndProject
Project("{FAE04EC0-301F-11D3-BF4B-00C04F79EFBC}") = "Automaton.Data", "Code\Automaton.Data\Automaton.Data.csproj", "{72C909FF-E28C-4560-849C-6F2F45BBBD5C}"
EndProject
Project("{FAE04EC0-301F-11D3-BF4B-00C04F79EFBC}") = "Automaton.Entities", "Code\Automaton.Entities\Automaton.Entities.csproj", "{0AE2842E-DA46-43F3-8618-A5862A04A1B5}"
EndProject
Global
	GlobalSection(SolutionConfigurationPlatforms) = preSolution
		Debug|Any CPU = Debug|Any CPU
		Debug|x64 = Debug|x64
		Debug|x86 = Debug|x86
		Release|Any CPU = Release|Any CPU
		Release|x64 = Release|x64
		Release|x86 = Release|x86
	EndGlobalSection
	GlobalSection(SolutionProperties) = preSolution
		HideSolutionNode = FALSE
	EndGlobalSection
	GlobalSection(ProjectConfigurationPlatforms) = postSolution
		{C55FFBBB-A0B5-4724-9D2B-99FB0FB9F920}.Debug|Any CPU.ActiveCfg = Debug|Any CPU
		{C55FFBBB-A0B5-4724-9D2B-99FB0FB9F920}.Debug|Any CPU.Build.0 = Debug|Any CPU
		{C55FFBBB-A0B5-4724-9D2B-99FB0FB9F920}.Debug|x64.ActiveCfg = Debug|Any CPU
		{C55FFBBB-A0B5-4724-9D2B-99FB0FB9F920}.Debug|x64.Build.0 = Debug|Any CPU
		{C55FFBBB-A0B5-4724-9D2B-99FB0FB9F920}.Debug|x86.ActiveCfg = Debug|Any CPU
		{C55FFBBB-A0B5-4724-9D2B-99FB0FB9F920}.Debug|x86.Build.0 = Debug|Any CPU
		{C55FFBBB-A0B5-4724-9D2B-99FB0FB9F920}.Release|Any CPU.ActiveCfg = Release|Any CPU
		{C55FFBBB-A0B5-4724-9D2B-99FB0FB9F920}.Release|Any CPU.Build.0 = Release|Any CPU
		{C55FFBBB-A0B5-4724-9D2B-99FB0FB9F920}.Release|x64.ActiveCfg = Release|Any CPU
		{C55FFBBB-A0B5-4724-9D2B-99FB0FB9F920}.Release|x64.Build.0 = Release|Any CPU
		{C55FFBBB-A0B5-4724-9D2B-99FB0FB9F920}.Release|x86.ActiveCfg = Release|Any CPU
		{C55FFBBB-A0B5-4724-9D2B-99FB0FB9F920}.Release|x86.Build.0 = Release|Any CPU
		{7B2B9FDB-CE19-40F9-BF15-A69E56A4582E}.Debug|Any CPU.ActiveCfg = Debug|Any CPU
		{7B2B9FDB-CE19-40F9-BF15-A69E56A4582E}.Debug|Any CPU.Build.0 = Debug|Any CPU
		{7B2B9FDB-CE19-40F9-BF15-A69E56A4582E}.Debug|x64.ActiveCfg = Debug|Any CPU
		{7B2B9FDB-CE19-40F9-BF15-A69E56A4582E}.Debug|x64.Build.0 = Debug|Any CPU
		{7B2B9FDB-CE19-40F9-BF15-A69E56A4582E}.Debug|x86.ActiveCfg = Debug|Any CPU
		{7B2B9FDB-CE19-40F9-BF15-A69E56A4582E}.Debug|x86.Build.0 = Debug|Any CPU
		{7B2B9FDB-CE19-40F9-BF15-A69E56A4582E}.Release|Any CPU.ActiveCfg = Release|Any CPU
		{7B2B9FDB-CE19-40F9-BF15-A69E56A4582E}.Release|Any CPU.Build.0 = Release|Any CPU
		{7B2B9FDB-CE19-40F9-BF15-A69E56A4582E}.Release|x64.ActiveCfg = Release|Any CPU
		{7B2B9FDB-CE19-40F9-BF15-A69E56A4582E}.Release|x64.Build.0 = Release|Any CPU
		{7B2B9FDB-CE19-40F9-BF15-A69E56A4582E}.Release|x86.ActiveCfg = Release|Any CPU
		{7B2B9FDB-CE19-40F9-BF15-A69E56A4582E}.Release|x86.Build.0 = Release|Any CPU
		{735C604C-6C78-4754-8A25-D30D4C2308DE}.Debug|Any CPU.ActiveCfg = Debug|Any CPU
		{735C604C-6C78-4754-8A25-D30D4C2308DE}.Debug|Any CPU.Build.0 = Debug|Any CPU
		{735C604C-6C78-4754-8A25-D30D4C2308DE}.Debug|x64.ActiveCfg = Debug|Any CPU
		{735C604C-6C78-4754-8A25-D30D4C2308DE}.Debug|x64.Build.0 = Debug|Any CPU
		{735C604C-6C78-4754-8A25-D30D4C2308DE}.Debug|x86.ActiveCfg = Debug|Any CPU
		{735C604C-6C78-4754-8A25-D30D4C2308DE}.Debug|x86.Build.0 = Debug|Any CPU
		{735C604C-6C78-4754-8A25-D30D4C2308DE}.Release|Any CPU.ActiveCfg = Release|Any CPU
		{735C604C-6C78-4754-8A25-D30D4C2308DE}.Release|Any CPU.Build.0 = Release|Any CPU
		{735C604C-6C78-4754-8A25-D30D4C2308DE}.Release|x64.ActiveCfg = Release|Any CPU
		{735C604C-6C78-4754-8A25-D30D4C2308DE}.Release|x64.Build.0 = Release|Any CPU
		{735C604C-6C78-4754-8A25-D30D4C2308DE}.Release|x86.ActiveCfg = Release|Any CPU
		{735C604C-6C78-4754-8A25-D30D4C2308DE}.Release|x86.Build.0 = Release|Any CPU
		{72C909FF-E28C-4560-849C-6F2F45BBBD5C}.Debug|Any CPU.ActiveCfg = Debug|Any CPU
		{72C909FF-E28C-4560-849C-6F2F45BBBD5C}.Debug|Any CPU.Build.0 = Debug|Any CPU
		{72C909FF-E28C-4560-849C-6F2F45BBBD5C}.Debug|x64.ActiveCfg = Debug|Any CPU
		{72C909FF-E28C-4560-849C-6F2F45BBBD5C}.Debug|x64.Build.0 = Debug|Any CPU
		{72C909FF-E28C-4560-849C-6F2F45BBBD5C}.Debug|x86.ActiveCfg = Debug|Any CPU
		{72C909FF-E28C-4560-849C-6F2F45BBBD5C}.Debug|x86.Build.0 = Debug|Any CPU
		{72C909FF-E28C-4560-849C-6F2F45BBBD5C}.Release|Any CPU.ActiveCfg = Release|Any CPU
		{72C909FF-E28C-4560-849C-6F2F45BBBD5C}.Release|Any CPU.Build.0 = Release|Any CPU
		{72C909FF-E28C-4560-849C-6F2F45BBBD5C}.Release|x64.ActiveCfg = Release|Any CPU
		{72C909FF-E28C-4560-849C-6F2F45BBBD5C}.Release|x64.Build.0 = Release|Any CPU
		{72C909FF-E28C-4560-849C-6F2F45BBBD5C}.Release|x86.ActiveCfg = Release|Any CPU
		{72C909FF-E28C-4560-849C-6F2F45BBBD5C}.Release|x86.Build.0 = Release|Any CPU
		{0AE2842E-DA46-43F3-8618-A5862A04A1B5}.Debug|Any CPU.ActiveCfg = Debug|Any CPU
		{0AE2842E-DA46-43F3-8618-A5862A04A1B5}.Debug|Any CPU.Build.0 = Debug|Any CPU
		{0AE2842E-DA46-43F3-8618-A5862A04A1B5}.Debug|x64.ActiveCfg = Debug|Any CPU
		{0AE2842E-DA46-43F3-8618-A5862A04A1B5}.Debug|x64.Build.0 = Debug|Any CPU
		{0AE2842E-DA46-43F3-8618-A5862A04A1B5}.Debug|x86.ActiveCfg = Debug|Any CPU
		{0AE2842E-DA46-43F3-8618-A5862A04A1B5}.Debug|x86.Build.0 = Debug|Any CPU
		{0AE2842E-DA46-43F3-8618-A5862A04A1B5}.Release|Any CPU.ActiveCfg = Release|Any CPU
		{0AE2842E-DA46-43F3-8618-A5862A04A1B5}.Release|Any CPU.Build.0 = Release|Any CPU
		{0AE2842E-DA46-43F3-8618-A5862A04A1B5}.Release|x64.ActiveCfg = Release|Any CPU
		{0AE2842E-DA46-43F3-8618-A5862A04A1B5}.Release|x64.Build.0 = Release|Any CPU
		{0AE2842E-DA46-43F3-8618-A5862A04A1B5}.Release|x86.ActiveCfg = Release|Any CPU
		{0AE2842E-DA46-43F3-8618-A5862A04A1B5}.Release|x86.Build.0 = Release|Any CPU
	EndGlobalSection
	GlobalSection(NestedProjects) = preSolution
		{C55FFBBB-A0B5-4724-9D2B-99FB0FB9F920} = {9A8FF6BC-7D30-4159-99AD-93F811FA6E32}
		{7B2B9FDB-CE19-40F9-BF15-A69E56A4582E} = {9A8FF6BC-7D30-4159-99AD-93F811FA6E32}
		{735C604C-6C78-4754-8A25-D30D4C2308DE} = {9A8FF6BC-7D30-4159-99AD-93F811FA6E32}
		{72C909FF-E28C-4560-849C-6F2F45BBBD5C} = {9A8FF6BC-7D30-4159-99AD-93F811FA6E32}
		{0AE2842E-DA46-43F3-8618-A5862A04A1B5} = {9A8FF6BC-7D30-4159-99AD-93F811FA6E32}
	EndGlobalSection
EndGlobal
