
Microsoft Visual Studio Solution File, Format Version 12.00
# Visual Studio 15
VisualStudioVersion = 15.0.26124.0
MinimumVisualStudioVersion = 15.0.26124.0
Project("{2150E333-8FDC-42A3-9474-1A3956D46DE8}") = "Code", "Code", "{A10E5196-F3CB-4C07-A7CC-E72A8AB7207A}"
EndProject
Project("{FAE04EC0-301F-11D3-BF4B-00C04F79EFBC}") = "Logging.Api", "Code\Logging.Api\Logging.Api.csproj", "{879F0018-99B9-4BC8-ADA0-B4E8CBC736D8}"
EndProject
Project("{FAE04EC0-301F-11D3-BF4B-00C04F79EFBC}") = "Logging.Business", "Code\Logging.Business\Logging.Business.csproj", "{2EAE4473-6F8B-4A73-A7B1-6EAADE1D0ED2}"
EndProject
Project("{FAE04EC0-301F-11D3-BF4B-00C04F79EFBC}") = "Logging.Data", "Code\Logging.Data\Logging.Data.csproj", "{555C0016-9527-421A-A911-E75E8E575134}"
EndProject
Project("{FAE04EC0-301F-11D3-BF4B-00C04F79EFBC}") = "Logging.Entities", "Code\Logging.Entities\Logging.Entities.csproj", "{4F32F60C-2FDA-40CA-AB66-895E5DE6E1E3}"
EndProject
Project("{FAE04EC0-301F-11D3-BF4B-00C04F79EFBC}") = "Logging.Test.Api", "Code\Logging.Test.Api\Logging.Test.Api.csproj", "{38BD2AFE-FF32-4E69-90D4-865ECE1669D4}"
EndProject
Project("{FAE04EC0-301F-11D3-BF4B-00C04F79EFBC}") = "Logging.Test.Business", "Code\Logging.Test.Business\Logging.Test.Business.csproj", "{AA78D6F7-100D-4FFB-B09E-6EF764817498}"
EndProject
Project("{FAE04EC0-301F-11D3-BF4B-00C04F79EFBC}") = "Logging.Test.Framework", "Code\Logging.Test.Framework\Logging.Test.Framework.csproj", "{8ED1536D-80DE-43EC-A838-A87E82CF541F}"
EndProject
Project("{2150E333-8FDC-42A3-9474-1A3956D46DE8}") = "Test", "Test", "{FA82F0AE-60B4-4414-BDE9-516AADB4B151}"
EndProject
Global
	GlobalSection(SolutionConfigurationPlatforms) = preSolution
		Debug|Any CPU = Debug|Any CPU
		Debug|x64 = Debug|x64
		Debug|x86 = Debug|x86
		Release|Any CPU = Release|Any CPU
		Release|x64 = Release|x64
		Release|x86 = Release|x86
	EndGlobalSection
	GlobalSection(SolutionProperties) = preSolution
		HideSolutionNode = FALSE
	EndGlobalSection
	GlobalSection(ProjectConfigurationPlatforms) = postSolution
		{879F0018-99B9-4BC8-ADA0-B4E8CBC736D8}.Debug|Any CPU.ActiveCfg = Debug|Any CPU
		{879F0018-99B9-4BC8-ADA0-B4E8CBC736D8}.Debug|Any CPU.Build.0 = Debug|Any CPU
		{879F0018-99B9-4BC8-ADA0-B4E8CBC736D8}.Debug|x64.ActiveCfg = Debug|Any CPU
		{879F0018-99B9-4BC8-ADA0-B4E8CBC736D8}.Debug|x64.Build.0 = Debug|Any CPU
		{879F0018-99B9-4BC8-ADA0-B4E8CBC736D8}.Debug|x86.ActiveCfg = Debug|Any CPU
		{879F0018-99B9-4BC8-ADA0-B4E8CBC736D8}.Debug|x86.Build.0 = Debug|Any CPU
		{879F0018-99B9-4BC8-ADA0-B4E8CBC736D8}.Release|Any CPU.ActiveCfg = Release|Any CPU
		{879F0018-99B9-4BC8-ADA0-B4E8CBC736D8}.Release|Any CPU.Build.0 = Release|Any CPU
		{879F0018-99B9-4BC8-ADA0-B4E8CBC736D8}.Release|x64.ActiveCfg = Release|Any CPU
		{879F0018-99B9-4BC8-ADA0-B4E8CBC736D8}.Release|x64.Build.0 = Release|Any CPU
		{879F0018-99B9-4BC8-ADA0-B4E8CBC736D8}.Release|x86.ActiveCfg = Release|Any CPU
		{879F0018-99B9-4BC8-ADA0-B4E8CBC736D8}.Release|x86.Build.0 = Release|Any CPU
		{2EAE4473-6F8B-4A73-A7B1-6EAADE1D0ED2}.Debug|Any CPU.ActiveCfg = Debug|Any CPU
		{2EAE4473-6F8B-4A73-A7B1-6EAADE1D0ED2}.Debug|Any CPU.Build.0 = Debug|Any CPU
		{2EAE4473-6F8B-4A73-A7B1-6EAADE1D0ED2}.Debug|x64.ActiveCfg = Debug|Any CPU
		{2EAE4473-6F8B-4A73-A7B1-6EAADE1D0ED2}.Debug|x64.Build.0 = Debug|Any CPU
		{2EAE4473-6F8B-4A73-A7B1-6EAADE1D0ED2}.Debug|x86.ActiveCfg = Debug|Any CPU
		{2EAE4473-6F8B-4A73-A7B1-6EAADE1D0ED2}.Debug|x86.Build.0 = Debug|Any CPU
		{2EAE4473-6F8B-4A73-A7B1-6EAADE1D0ED2}.Release|Any CPU.ActiveCfg = Release|Any CPU
		{2EAE4473-6F8B-4A73-A7B1-6EAADE1D0ED2}.Release|Any CPU.Build.0 = Release|Any CPU
		{2EAE4473-6F8B-4A73-A7B1-6EAADE1D0ED2}.Release|x64.ActiveCfg = Release|Any CPU
		{2EAE4473-6F8B-4A73-A7B1-6EAADE1D0ED2}.Release|x64.Build.0 = Release|Any CPU
		{2EAE4473-6F8B-4A73-A7B1-6EAADE1D0ED2}.Release|x86.ActiveCfg = Release|Any CPU
		{2EAE4473-6F8B-4A73-A7B1-6EAADE1D0ED2}.Release|x86.Build.0 = Release|Any CPU
		{555C0016-9527-421A-A911-E75E8E575134}.Debug|Any CPU.ActiveCfg = Debug|Any CPU
		{555C0016-9527-421A-A911-E75E8E575134}.Debug|Any CPU.Build.0 = Debug|Any CPU
		{555C0016-9527-421A-A911-E75E8E575134}.Debug|x64.ActiveCfg = Debug|Any CPU
		{555C0016-9527-421A-A911-E75E8E575134}.Debug|x64.Build.0 = Debug|Any CPU
		{555C0016-9527-421A-A911-E75E8E575134}.Debug|x86.ActiveCfg = Debug|Any CPU
		{555C0016-9527-421A-A911-E75E8E575134}.Debug|x86.Build.0 = Debug|Any CPU
		{555C0016-9527-421A-A911-E75E8E575134}.Release|Any CPU.ActiveCfg = Release|Any CPU
		{555C0016-9527-421A-A911-E75E8E575134}.Release|Any CPU.Build.0 = Release|Any CPU
		{555C0016-9527-421A-A911-E75E8E575134}.Release|x64.ActiveCfg = Release|Any CPU
		{555C0016-9527-421A-A911-E75E8E575134}.Release|x64.Build.0 = Release|Any CPU
		{555C0016-9527-421A-A911-E75E8E575134}.Release|x86.ActiveCfg = Release|Any CPU
		{555C0016-9527-421A-A911-E75E8E575134}.Release|x86.Build.0 = Release|Any CPU
		{4F32F60C-2FDA-40CA-AB66-895E5DE6E1E3}.Debug|Any CPU.ActiveCfg = Debug|Any CPU
		{4F32F60C-2FDA-40CA-AB66-895E5DE6E1E3}.Debug|Any CPU.Build.0 = Debug|Any CPU
		{4F32F60C-2FDA-40CA-AB66-895E5DE6E1E3}.Debug|x64.ActiveCfg = Debug|Any CPU
		{4F32F60C-2FDA-40CA-AB66-895E5DE6E1E3}.Debug|x64.Build.0 = Debug|Any CPU
		{4F32F60C-2FDA-40CA-AB66-895E5DE6E1E3}.Debug|x86.ActiveCfg = Debug|Any CPU
		{4F32F60C-2FDA-40CA-AB66-895E5DE6E1E3}.Debug|x86.Build.0 = Debug|Any CPU
		{4F32F60C-2FDA-40CA-AB66-895E5DE6E1E3}.Release|Any CPU.ActiveCfg = Release|Any CPU
		{4F32F60C-2FDA-40CA-AB66-895E5DE6E1E3}.Release|Any CPU.Build.0 = Release|Any CPU
		{4F32F60C-2FDA-40CA-AB66-895E5DE6E1E3}.Release|x64.ActiveCfg = Release|Any CPU
		{4F32F60C-2FDA-40CA-AB66-895E5DE6E1E3}.Release|x64.Build.0 = Release|Any CPU
		{4F32F60C-2FDA-40CA-AB66-895E5DE6E1E3}.Release|x86.ActiveCfg = Release|Any CPU
		{4F32F60C-2FDA-40CA-AB66-895E5DE6E1E3}.Release|x86.Build.0 = Release|Any CPU
		{38BD2AFE-FF32-4E69-90D4-865ECE1669D4}.Debug|Any CPU.ActiveCfg = Debug|Any CPU
		{38BD2AFE-FF32-4E69-90D4-865ECE1669D4}.Debug|Any CPU.Build.0 = Debug|Any CPU
		{38BD2AFE-FF32-4E69-90D4-865ECE1669D4}.Debug|x64.ActiveCfg = Debug|Any CPU
		{38BD2AFE-FF32-4E69-90D4-865ECE1669D4}.Debug|x64.Build.0 = Debug|Any CPU
		{38BD2AFE-FF32-4E69-90D4-865ECE1669D4}.Debug|x86.ActiveCfg = Debug|Any CPU
		{38BD2AFE-FF32-4E69-90D4-865ECE1669D4}.Debug|x86.Build.0 = Debug|Any CPU
		{38BD2AFE-FF32-4E69-90D4-865ECE1669D4}.Release|Any CPU.ActiveCfg = Release|Any CPU
		{38BD2AFE-FF32-4E69-90D4-865ECE1669D4}.Release|Any CPU.Build.0 = Release|Any CPU
		{38BD2AFE-FF32-4E69-90D4-865ECE1669D4}.Release|x64.ActiveCfg = Release|Any CPU
		{38BD2AFE-FF32-4E69-90D4-865ECE1669D4}.Release|x64.Build.0 = Release|Any CPU
		{38BD2AFE-FF32-4E69-90D4-865ECE1669D4}.Release|x86.ActiveCfg = Release|Any CPU
		{38BD2AFE-FF32-4E69-90D4-865ECE1669D4}.Release|x86.Build.0 = Release|Any CPU
		{AA78D6F7-100D-4FFB-B09E-6EF764817498}.Debug|Any CPU.ActiveCfg = Debug|Any CPU
		{AA78D6F7-100D-4FFB-B09E-6EF764817498}.Debug|Any CPU.Build.0 = Debug|Any CPU
		{AA78D6F7-100D-4FFB-B09E-6EF764817498}.Debug|x64.ActiveCfg = Debug|Any CPU
		{AA78D6F7-100D-4FFB-B09E-6EF764817498}.Debug|x64.Build.0 = Debug|Any CPU
		{AA78D6F7-100D-4FFB-B09E-6EF764817498}.Debug|x86.ActiveCfg = Debug|Any CPU
		{AA78D6F7-100D-4FFB-B09E-6EF764817498}.Debug|x86.Build.0 = Debug|Any CPU
		{AA78D6F7-100D-4FFB-B09E-6EF764817498}.Release|Any CPU.ActiveCfg = Release|Any CPU
		{AA78D6F7-100D-4FFB-B09E-6EF764817498}.Release|Any CPU.Build.0 = Release|Any CPU
		{AA78D6F7-100D-4FFB-B09E-6EF764817498}.Release|x64.ActiveCfg = Release|Any CPU
		{AA78D6F7-100D-4FFB-B09E-6EF764817498}.Release|x64.Build.0 = Release|Any CPU
		{AA78D6F7-100D-4FFB-B09E-6EF764817498}.Release|x86.ActiveCfg = Release|Any CPU
		{AA78D6F7-100D-4FFB-B09E-6EF764817498}.Release|x86.Build.0 = Release|Any CPU
		{8ED1536D-80DE-43EC-A838-A87E82CF541F}.Debug|Any CPU.ActiveCfg = Debug|Any CPU
		{8ED1536D-80DE-43EC-A838-A87E82CF541F}.Debug|Any CPU.Build.0 = Debug|Any CPU
		{8ED1536D-80DE-43EC-A838-A87E82CF541F}.Debug|x64.ActiveCfg = Debug|Any CPU
		{8ED1536D-80DE-43EC-A838-A87E82CF541F}.Debug|x64.Build.0 = Debug|Any CPU
		{8ED1536D-80DE-43EC-A838-A87E82CF541F}.Debug|x86.ActiveCfg = Debug|Any CPU
		{8ED1536D-80DE-43EC-A838-A87E82CF541F}.Debug|x86.Build.0 = Debug|Any CPU
		{8ED1536D-80DE-43EC-A838-A87E82CF541F}.Release|Any CPU.ActiveCfg = Release|Any CPU
		{8ED1536D-80DE-43EC-A838-A87E82CF541F}.Release|Any CPU.Build.0 = Release|Any CPU
		{8ED1536D-80DE-43EC-A838-A87E82CF541F}.Release|x64.ActiveCfg = Release|Any CPU
		{8ED1536D-80DE-43EC-A838-A87E82CF541F}.Release|x64.Build.0 = Release|Any CPU
		{8ED1536D-80DE-43EC-A838-A87E82CF541F}.Release|x86.ActiveCfg = Release|Any CPU
		{8ED1536D-80DE-43EC-A838-A87E82CF541F}.Release|x86.Build.0 = Release|Any CPU
	EndGlobalSection
	GlobalSection(NestedProjects) = preSolution
		{879F0018-99B9-4BC8-ADA0-B4E8CBC736D8} = {A10E5196-F3CB-4C07-A7CC-E72A8AB7207A}
		{2EAE4473-6F8B-4A73-A7B1-6EAADE1D0ED2} = {A10E5196-F3CB-4C07-A7CC-E72A8AB7207A}
		{555C0016-9527-421A-A911-E75E8E575134} = {A10E5196-F3CB-4C07-A7CC-E72A8AB7207A}
		{4F32F60C-2FDA-40CA-AB66-895E5DE6E1E3} = {A10E5196-F3CB-4C07-A7CC-E72A8AB7207A}
		{38BD2AFE-FF32-4E69-90D4-865ECE1669D4} = {FA82F0AE-60B4-4414-BDE9-516AADB4B151}
		{AA78D6F7-100D-4FFB-B09E-6EF764817498} = {FA82F0AE-60B4-4414-BDE9-516AADB4B151}
		{8ED1536D-80DE-43EC-A838-A87E82CF541F} = {FA82F0AE-60B4-4414-BDE9-516AADB4B151}
	EndGlobalSection
EndGlobal
