
Microsoft Visual Studio Solution File, Format Version 12.00
# Visual Studio 15
VisualStudioVersion = 15.0.26124.0
MinimumVisualStudioVersion = 15.0.26124.0
Project("{2150E333-8FDC-42A3-9474-1A3956D46DE8}") = "Code", "Code", "{B0931EB1-0ED3-447C-8D1E-90A4F0A9F05C}"
EndProject
Project("{FAE04EC0-301F-11D3-BF4B-00C04F79EFBC}") = "Tracing.Api", "Code\Tracing.Api\Tracing.Api.csproj", "{7E95B989-DC3C-46E7-A7BC-EA808A544B49}"
EndProject
Project("{FAE04EC0-301F-11D3-BF4B-00C04F79EFBC}") = "Tracing.Business", "Code\Tracing.Business\Tracing.Business.csproj", "{92C58369-197B-40A2-8F7E-DF7155C72255}"
EndProject
Project("{FAE04EC0-301F-11D3-BF4B-00C04F79EFBC}") = "Tracing.Data", "Code\Tracing.Data\Tracing.Data.csproj", "{39DC1411-B8A4-4E4B-B26A-3ECDC7729853}"
EndProject
Project("{FAE04EC0-301F-11D3-BF4B-00C04F79EFBC}") = "Tracing.Entities", "Code\Tracing.Entities\Tracing.Entities.csproj", "{84126B47-5CD4-4A23-8D70-D010541D3210}"
EndProject
Project("{FAE04EC0-301F-11D3-BF4B-00C04F79EFBC}") = "Tracing.Test.Api", "Code\Tracing.Test.Api\Tracing.Test.Api.csproj", "{0F90F566-987D-4471-80FA-113CFCAA7F93}"
EndProject
Project("{FAE04EC0-301F-11D3-BF4B-00C04F79EFBC}") = "Tracing.Test.Business", "Code\Tracing.Test.Business\Tracing.Test.Business.csproj", "{8E6031E5-34EA-4DA8-A579-5FBAA9648BF7}"
EndProject
Project("{FAE04EC0-301F-11D3-BF4B-00C04F79EFBC}") = "Tracing.Test.Framework", "Code\Tracing.Test.Framework\Tracing.Test.Framework.csproj", "{3542CC40-8166-4782-9294-A30ED2F35F39}"
EndProject
Project("{2150E333-8FDC-42A3-9474-1A3956D46DE8}") = "Test", "Test", "{9633EAA4-53DB-4954-8BF8-F86F95473951}"
EndProject
Global
	GlobalSection(SolutionConfigurationPlatforms) = preSolution
		Debug|Any CPU = Debug|Any CPU
		Debug|x64 = Debug|x64
		Debug|x86 = Debug|x86
		Release|Any CPU = Release|Any CPU
		Release|x64 = Release|x64
		Release|x86 = Release|x86
	EndGlobalSection
	GlobalSection(SolutionProperties) = preSolution
		HideSolutionNode = FALSE
	EndGlobalSection
	GlobalSection(ProjectConfigurationPlatforms) = postSolution
		{7E95B989-DC3C-46E7-A7BC-EA808A544B49}.Debug|Any CPU.ActiveCfg = Debug|Any CPU
		{7E95B989-DC3C-46E7-A7BC-EA808A544B49}.Debug|Any CPU.Build.0 = Debug|Any CPU
		{7E95B989-DC3C-46E7-A7BC-EA808A544B49}.Debug|x64.ActiveCfg = Debug|Any CPU
		{7E95B989-DC3C-46E7-A7BC-EA808A544B49}.Debug|x64.Build.0 = Debug|Any CPU
		{7E95B989-DC3C-46E7-A7BC-EA808A544B49}.Debug|x86.ActiveCfg = Debug|Any CPU
		{7E95B989-DC3C-46E7-A7BC-EA808A544B49}.Debug|x86.Build.0 = Debug|Any CPU
		{7E95B989-DC3C-46E7-A7BC-EA808A544B49}.Release|Any CPU.ActiveCfg = Release|Any CPU
		{7E95B989-DC3C-46E7-A7BC-EA808A544B49}.Release|Any CPU.Build.0 = Release|Any CPU
		{7E95B989-DC3C-46E7-A7BC-EA808A544B49}.Release|x64.ActiveCfg = Release|Any CPU
		{7E95B989-DC3C-46E7-A7BC-EA808A544B49}.Release|x64.Build.0 = Release|Any CPU
		{7E95B989-DC3C-46E7-A7BC-EA808A544B49}.Release|x86.ActiveCfg = Release|Any CPU
		{7E95B989-DC3C-46E7-A7BC-EA808A544B49}.Release|x86.Build.0 = Release|Any CPU
		{92C58369-197B-40A2-8F7E-DF7155C72255}.Debug|Any CPU.ActiveCfg = Debug|Any CPU
		{92C58369-197B-40A2-8F7E-DF7155C72255}.Debug|Any CPU.Build.0 = Debug|Any CPU
		{92C58369-197B-40A2-8F7E-DF7155C72255}.Debug|x64.ActiveCfg = Debug|Any CPU
		{92C58369-197B-40A2-8F7E-DF7155C72255}.Debug|x64.Build.0 = Debug|Any CPU
		{92C58369-197B-40A2-8F7E-DF7155C72255}.Debug|x86.ActiveCfg = Debug|Any CPU
		{92C58369-197B-40A2-8F7E-DF7155C72255}.Debug|x86.Build.0 = Debug|Any CPU
		{92C58369-197B-40A2-8F7E-DF7155C72255}.Release|Any CPU.ActiveCfg = Release|Any CPU
		{92C58369-197B-40A2-8F7E-DF7155C72255}.Release|Any CPU.Build.0 = Release|Any CPU
		{92C58369-197B-40A2-8F7E-DF7155C72255}.Release|x64.ActiveCfg = Release|Any CPU
		{92C58369-197B-40A2-8F7E-DF7155C72255}.Release|x64.Build.0 = Release|Any CPU
		{92C58369-197B-40A2-8F7E-DF7155C72255}.Release|x86.ActiveCfg = Release|Any CPU
		{92C58369-197B-40A2-8F7E-DF7155C72255}.Release|x86.Build.0 = Release|Any CPU
		{39DC1411-B8A4-4E4B-B26A-3ECDC7729853}.Debug|Any CPU.ActiveCfg = Debug|Any CPU
		{39DC1411-B8A4-4E4B-B26A-3ECDC7729853}.Debug|Any CPU.Build.0 = Debug|Any CPU
		{39DC1411-B8A4-4E4B-B26A-3ECDC7729853}.Debug|x64.ActiveCfg = Debug|Any CPU
		{39DC1411-B8A4-4E4B-B26A-3ECDC7729853}.Debug|x64.Build.0 = Debug|Any CPU
		{39DC1411-B8A4-4E4B-B26A-3ECDC7729853}.Debug|x86.ActiveCfg = Debug|Any CPU
		{39DC1411-B8A4-4E4B-B26A-3ECDC7729853}.Debug|x86.Build.0 = Debug|Any CPU
		{39DC1411-B8A4-4E4B-B26A-3ECDC7729853}.Release|Any CPU.ActiveCfg = Release|Any CPU
		{39DC1411-B8A4-4E4B-B26A-3ECDC7729853}.Release|Any CPU.Build.0 = Release|Any CPU
		{39DC1411-B8A4-4E4B-B26A-3ECDC7729853}.Release|x64.ActiveCfg = Release|Any CPU
		{39DC1411-B8A4-4E4B-B26A-3ECDC7729853}.Release|x64.Build.0 = Release|Any CPU
		{39DC1411-B8A4-4E4B-B26A-3ECDC7729853}.Release|x86.ActiveCfg = Release|Any CPU
		{39DC1411-B8A4-4E4B-B26A-3ECDC7729853}.Release|x86.Build.0 = Release|Any CPU
		{84126B47-5CD4-4A23-8D70-D010541D3210}.Debug|Any CPU.ActiveCfg = Debug|Any CPU
		{84126B47-5CD4-4A23-8D70-D010541D3210}.Debug|Any CPU.Build.0 = Debug|Any CPU
		{84126B47-5CD4-4A23-8D70-D010541D3210}.Debug|x64.ActiveCfg = Debug|Any CPU
		{84126B47-5CD4-4A23-8D70-D010541D3210}.Debug|x64.Build.0 = Debug|Any CPU
		{84126B47-5CD4-4A23-8D70-D010541D3210}.Debug|x86.ActiveCfg = Debug|Any CPU
		{84126B47-5CD4-4A23-8D70-D010541D3210}.Debug|x86.Build.0 = Debug|Any CPU
		{84126B47-5CD4-4A23-8D70-D010541D3210}.Release|Any CPU.ActiveCfg = Release|Any CPU
		{84126B47-5CD4-4A23-8D70-D010541D3210}.Release|Any CPU.Build.0 = Release|Any CPU
		{84126B47-5CD4-4A23-8D70-D010541D3210}.Release|x64.ActiveCfg = Release|Any CPU
		{84126B47-5CD4-4A23-8D70-D010541D3210}.Release|x64.Build.0 = Release|Any CPU
		{84126B47-5CD4-4A23-8D70-D010541D3210}.Release|x86.ActiveCfg = Release|Any CPU
		{84126B47-5CD4-4A23-8D70-D010541D3210}.Release|x86.Build.0 = Release|Any CPU
		{0F90F566-987D-4471-80FA-113CFCAA7F93}.Debug|Any CPU.ActiveCfg = Debug|Any CPU
		{0F90F566-987D-4471-80FA-113CFCAA7F93}.Debug|Any CPU.Build.0 = Debug|Any CPU
		{0F90F566-987D-4471-80FA-113CFCAA7F93}.Debug|x64.ActiveCfg = Debug|Any CPU
		{0F90F566-987D-4471-80FA-113CFCAA7F93}.Debug|x64.Build.0 = Debug|Any CPU
		{0F90F566-987D-4471-80FA-113CFCAA7F93}.Debug|x86.ActiveCfg = Debug|Any CPU
		{0F90F566-987D-4471-80FA-113CFCAA7F93}.Debug|x86.Build.0 = Debug|Any CPU
		{0F90F566-987D-4471-80FA-113CFCAA7F93}.Release|Any CPU.ActiveCfg = Release|Any CPU
		{0F90F566-987D-4471-80FA-113CFCAA7F93}.Release|Any CPU.Build.0 = Release|Any CPU
		{0F90F566-987D-4471-80FA-113CFCAA7F93}.Release|x64.ActiveCfg = Release|Any CPU
		{0F90F566-987D-4471-80FA-113CFCAA7F93}.Release|x64.Build.0 = Release|Any CPU
		{0F90F566-987D-4471-80FA-113CFCAA7F93}.Release|x86.ActiveCfg = Release|Any CPU
		{0F90F566-987D-4471-80FA-113CFCAA7F93}.Release|x86.Build.0 = Release|Any CPU
		{8E6031E5-34EA-4DA8-A579-5FBAA9648BF7}.Debug|Any CPU.ActiveCfg = Debug|Any CPU
		{8E6031E5-34EA-4DA8-A579-5FBAA9648BF7}.Debug|Any CPU.Build.0 = Debug|Any CPU
		{8E6031E5-34EA-4DA8-A579-5FBAA9648BF7}.Debug|x64.ActiveCfg = Debug|Any CPU
		{8E6031E5-34EA-4DA8-A579-5FBAA9648BF7}.Debug|x64.Build.0 = Debug|Any CPU
		{8E6031E5-34EA-4DA8-A579-5FBAA9648BF7}.Debug|x86.ActiveCfg = Debug|Any CPU
		{8E6031E5-34EA-4DA8-A579-5FBAA9648BF7}.Debug|x86.Build.0 = Debug|Any CPU
		{8E6031E5-34EA-4DA8-A579-5FBAA9648BF7}.Release|Any CPU.ActiveCfg = Release|Any CPU
		{8E6031E5-34EA-4DA8-A579-5FBAA9648BF7}.Release|Any CPU.Build.0 = Release|Any CPU
		{8E6031E5-34EA-4DA8-A579-5FBAA9648BF7}.Release|x64.ActiveCfg = Release|Any CPU
		{8E6031E5-34EA-4DA8-A579-5FBAA9648BF7}.Release|x64.Build.0 = Release|Any CPU
		{8E6031E5-34EA-4DA8-A579-5FBAA9648BF7}.Release|x86.ActiveCfg = Release|Any CPU
		{8E6031E5-34EA-4DA8-A579-5FBAA9648BF7}.Release|x86.Build.0 = Release|Any CPU
		{3542CC40-8166-4782-9294-A30ED2F35F39}.Debug|Any CPU.ActiveCfg = Debug|Any CPU
		{3542CC40-8166-4782-9294-A30ED2F35F39}.Debug|Any CPU.Build.0 = Debug|Any CPU
		{3542CC40-8166-4782-9294-A30ED2F35F39}.Debug|x64.ActiveCfg = Debug|Any CPU
		{3542CC40-8166-4782-9294-A30ED2F35F39}.Debug|x64.Build.0 = Debug|Any CPU
		{3542CC40-8166-4782-9294-A30ED2F35F39}.Debug|x86.ActiveCfg = Debug|Any CPU
		{3542CC40-8166-4782-9294-A30ED2F35F39}.Debug|x86.Build.0 = Debug|Any CPU
		{3542CC40-8166-4782-9294-A30ED2F35F39}.Release|Any CPU.ActiveCfg = Release|Any CPU
		{3542CC40-8166-4782-9294-A30ED2F35F39}.Release|Any CPU.Build.0 = Release|Any CPU
		{3542CC40-8166-4782-9294-A30ED2F35F39}.Release|x64.ActiveCfg = Release|Any CPU
		{3542CC40-8166-4782-9294-A30ED2F35F39}.Release|x64.Build.0 = Release|Any CPU
		{3542CC40-8166-4782-9294-A30ED2F35F39}.Release|x86.ActiveCfg = Release|Any CPU
		{3542CC40-8166-4782-9294-A30ED2F35F39}.Release|x86.Build.0 = Release|Any CPU
	EndGlobalSection
	GlobalSection(NestedProjects) = preSolution
		{7E95B989-DC3C-46E7-A7BC-EA808A544B49} = {B0931EB1-0ED3-447C-8D1E-90A4F0A9F05C}
		{92C58369-197B-40A2-8F7E-DF7155C72255} = {B0931EB1-0ED3-447C-8D1E-90A4F0A9F05C}
		{39DC1411-B8A4-4E4B-B26A-3ECDC7729853} = {B0931EB1-0ED3-447C-8D1E-90A4F0A9F05C}
		{84126B47-5CD4-4A23-8D70-D010541D3210} = {B0931EB1-0ED3-447C-8D1E-90A4F0A9F05C}
		{0F90F566-987D-4471-80FA-113CFCAA7F93} = {9633EAA4-53DB-4954-8BF8-F86F95473951}
		{8E6031E5-34EA-4DA8-A579-5FBAA9648BF7} = {9633EAA4-53DB-4954-8BF8-F86F95473951}
		{3542CC40-8166-4782-9294-A30ED2F35F39} = {9633EAA4-53DB-4954-8BF8-F86F95473951}
	EndGlobalSection
EndGlobal
